
Microsoft Visual Studio Solution File, Format Version 12.00
# Visual Studio Version 16
VisualStudioVersion = 16.0.33927.289
MinimumVisualStudioVersion = 10.0.40219.1
Project("{FAE04EC0-301F-11D3-BF4B-00C04F79EFBC}") = "AtmProject", "AtmProject\AtmProject.csproj", "{FC84A7E5-10CB-46BD-BC82-86D8E7C3AF47}"
EndProject
Global
	GlobalSection(SolutionConfigurationPlatforms) = preSolution
		Debug|Any CPU = Debug|Any CPU
		Release|Any CPU = Release|Any CPU
	EndGlobalSection
	GlobalSection(ProjectConfigurationPlatforms) = postSolution
		{FC84A7E5-10CB-46BD-BC82-86D8E7C3AF47}.Debug|Any CPU.ActiveCfg = Debug|Any CPU
		{FC84A7E5-10CB-46BD-BC82-86D8E7C3AF47}.Debug|Any CPU.Build.0 = Debug|Any CPU
		{FC84A7E5-10CB-46BD-BC82-86D8E7C3AF47}.Release|Any CPU.ActiveCfg = Release|Any CPU
		{FC84A7E5-10CB-46BD-BC82-86D8E7C3AF47}.Release|Any CPU.Build.0 = Release|Any CPU
	EndGlobalSection
	GlobalSection(SolutionProperties) = preSolution
		HideSolutionNode = FALSE
	EndGlobalSection
	GlobalSection(ExtensibilityGlobals) = postSolution
		SolutionGuid = {DF63F15F-C4DC-4F7A-8584-52F4F92743C5}
	EndGlobalSection
EndGlobal
